{
    "_meta": {
        "hash": {
            "sha256": "f79aead406bf048b480f45bf16539dc0283fbd4383d4ccd9bd7091b05c76e9df"
        },
        "pipfile-spec": 6,
        "requires": {
            "python_version": "3.13"
        },
        "sources": [
            {
                "name": "pypi",
                "url": "https://pypi.org/simple",
                "verify_ssl": true
            }
        ]
    },
    "default": {
        "click": {
            "hashes": [
                "sha256:12ff4785d337a1bb490bb7e9c2b1ee5da3112e94a8622f26a6c77f5d2fc6842a",
                "sha256:981153a64e25f12d547d3426c367a4857371575ee7ad18df2a6183ab0545b2a6"
            ],
            "markers": "python_version >= '3.10'",
            "version": "==8.3.1"
        },
        "colorama": {
            "hashes": [
                "sha256:08695f5cb7ed6e0531a20572697297273c47b8cae5a63ffc6d6ed5c201be6e44",
                "sha256:4f1d9991f5acc0ca119f9d443620b77f9d6b33703e51011c16baf57afb285fc6"
            ],
            "markers": "python_version >= '2.7' and python_version not in '3.0, 3.1, 3.2, 3.3, 3.4, 3.5, 3.6'",
            "version": "==0.4.6"
        },
        "joblib": {
            "hashes": [
                "sha256:5fc3c5039fc5ca8c0276333a188bbd59d6b7ab37fe6632daa76bc7f9ec18e713",
                "sha256:8561a3269e6801106863fd0d6d84bb737be9e7631e33aaed3fb9ce5953688da3"
            ],
            "markers": "python_version >= '3.9'",
            "version": "==1.5.3"
        },
        "nltk": {
            "hashes": [
                "sha256:ed03bc098a40481310320808b2db712d95d13ca65b27372f8a403949c8b523d0",
                "sha256:f2fa301c3a12718ce4a0e9305c5675299da5ad9e26068218b69d692fda84828f"
            ],
            "index": "pypi",
            "markers": "python_version >= '3.10'",
            "version": "==3.9.4"
        },
        "regex": {
            "hashes": [
                "sha256:03c2ebd15ff51e7b13bb3dc28dd5ac18cd39e59ebb40430b14ae1a19e833cff1",
                "sha256:09e26cad1544d856da85881ad292797289e4406338afe98163f3db9f7fac816c",
                "sha256:0cec365d44835b043d7b3266487797639d07d621bec9dc0ea224b00775797cc1",
                "sha256:0d7855f5e59fcf91d0c9f4a51dc5d8847813832a2230c3e8e35912ccf20baaa2",
                "sha256:0f21ae18dfd15752cdd98d03cbd7a3640be826bfd58482a93f730dbd24d7b9fb",
                "sha256:10fb2aaae1aaadf7d43c9f3c2450404253697bf8b9ce360bd5418d1d16292298",
                "sha256:110ba4920721374d16c4c8ea7ce27b09546d43e16aea1d7f43681b5b8f80ba61",
                "sha256:12917c6c6813ffcdfb11680a04e4d63c5532b88cf089f844721c5f41f41a63ad",
                "sha256:18eb45f711e942c27dbed4109830bd070d8d618e008d0db39705f3f57070a4c6",
                "sha256:1a6ac1ed758902e664e0d95c1ee5991aa6fb355423f378ed184c6ec47a1ec0e9",
                "sha256:1ca02ff0ef33e9d8276a1fcd6d90ff6ea055a32c9149c0050b5b67e26c6d2c51",
                "sha256:1cb22fa9ee6a0acb22fc9aecce5f9995fe4d2426ed849357d499d62608fbd7f9",
                "sha256:1e0f6648fd48f4c73d801c55ab976cd602e2da87de99c07bff005b131f269c6a",
                "sha256:245667ad430745bae6a1e41081872d25819d86fbd9e0eec485ba00d9f78ad43d",
                "sha256:2820d2231885e97aff0fcf230a19ebd5d2b5b8a1ba338c20deb34f16db1c7897",
                "sha256:2c8d402ea3dfe674288fe3962016affd33b5b27213d2b5db1823ffa4de524c57",
                "sha256:2dcca2bceb823c9cc610e57b86a265d7ffc30e9fe98548c609eba8bd3c0c2488",
                "sha256:2ffbadc647325dd4e3118269bda93ded1eb5f5b0c3b7ba79a3da9fbd04f248e9",
                "sha256:34c905a721ddee0f84c99e3e3b59dd4a5564a6fe338222bc89dd4d4df166115c",
                "sha256:3c054e39a9f85a3d76c62a1d50c626c5e9306964eaa675c53f61ff7ec1204bbb",
                "sha256:3c0bbfbd38506e1ea96a85da6782577f06239cb9fcf9696f1ea537c980c0680b",
                "sha256:3e221b615f83b15887636fcb90ed21f1a19541366f8b7ba14ba1ad8304f4ded4",
                "sha256:3ea568832eca219c2be1721afa073c1c9eb8f98a9733fdedd0a9747639fc22a5",
                "sha256:3f5747501b69299c6b0b047853771e4ed390510bada68cb16da9c9c2078343f7",
                "sha256:462a041d2160090553572f6bb0be417ab9bb912a08de54cb692829c871ee88c1",
                "sha256:4bc32b4dbdb4f9f300cf9f38f8ea2ce9511a068ffaa45ac1373ee7a943f1d810",
                "sha256:4d082be64e51671dd5ee1c208c92da2ddda0f2f20d8ef387e57634f7e97b6aae",
                "sha256:4f9ae4755fa90f1dc2d0d393d572ebc134c0fe30fcfc0ab7e67c1db15f192041",
                "sha256:51a93452034d671b0e21b883d48ea66c5d6a05620ee16a9d3f229e828568f3f0",
                "sha256:51fb7e26f91f9091fd8ec6a946f99b15d3bc3667cb5ddc73dd6cb2222dd4a1cc",
                "sha256:5336b1506142eb0f23c96fb4a34b37c4fefd4fed2a7042069f3c8058efe17855",
                "sha256:567b57eb987547a23306444e4f6f85d4314f83e65c71d320d898aa7550550443",
                "sha256:5aa78c857c1731bdd9863923ffadc816d823edf475c7db6d230c28b53b7bdb5e",
                "sha256:5bf2f3c2c5bd8360d335c7dcd4a9006cf1dabae063ee2558ee1b07bbc8a20d88",
                "sha256:5c35d097f509cf7e40d20d5bee548d35d6049b36eb9965e8d43e4659923405b9",
                "sha256:5d86e3fb08c94f084a625c8dc2132a79a3a111c8bf6e2bc59351fa61753c2f6e",
                "sha256:6062c4ef581a3e9e503dccf4e1b7f2d33fdc1c13ad510b287741ac73bc4c6b27",
                "sha256:6128dd0793a87287ea1d8bf16b4250dd96316c464ee15953d5b98875a284d41e",
                "sha256:631f7d95c83f42bccfe18946a38ad27ff6b6717fb4807e60cf24860b5eb277fc",
                "sha256:66a5083c3ffe5a5a95f8281ea47a88072d4f24001d562d1d9d28d4cdc005fec5",
                "sha256:66d3126afe7eac41759cd5f0b3b246598086e88e70527c0d68c9e615b81771c4",
                "sha256:67015a8162d413af9e3309d9a24e385816666fbf09e48e3ec43342c8536f7df6",
                "sha256:6980ceb5c1049d4878632f08ba0bf7234c30e741b0dc9081da0f86eca13189d3",
                "sha256:69a847a6ffaa86e8af7b9e7037606e05a6f663deec516ad851e8e05d9908d16a",
                "sha256:6ada7bd5bb6511d12177a7b00416ce55caee49fbf8c268f26b909497b534cacb",
                "sha256:70c634e39c5cda0da05c93d6747fdc957599f7743543662b6dbabdd8d3ba8a96",
                "sha256:7cdd508664430dd51b8888deb6c5b416d8de046b2e11837254378d31febe4a98",
                "sha256:844d88509c968dd44b30daeefac72b038b1bf31ac372d5106358ab01d393c48b",
                "sha256:847087abe98b3c1ebf1eb49d6ef320dbba75a83ee4f83c94704580f1df007dd4",
                "sha256:85c9b0c131427470a6423baa0a9330be6fd8c3630cc3ee6fdee03360724cbec5",
                "sha256:879ae91f2928a13f01a55cfa168acedd2b02b11b4cd8b5bb9223e8cde777ca52",
                "sha256:887a9fa74418d74d645281ee0edcf60694053bd1bc2ebc49eb5e66bfffc6d107",
                "sha256:88ebc0783907468f17fca3d7821b30f9c21865a721144eb498cb0ff99a67bcac",
                "sha256:89e50667e7e8c0e7903e4d644a2764fffe9a3a5d6578f72ab7a7b4205bf204b7",
                "sha256:8a4a3189a99ecdd1c13f42513ab3fc7fa8311b38ba7596dd98537acb8cd9acc3",
                "sha256:8aaf8ee8f34b677f90742ca089b9c83d64bdc410528767273c816a863ed57327",
                "sha256:8e4c8fa46aad1a11ae2f8fcd1c90b9d55e18925829ac0d98c5bb107f93351745",
                "sha256:8fc918cd003ba0d066bf0003deb05a259baaaab4dc9bd4f1207bbbe64224857a",
                "sha256:8fe14e24124ef41220e5992a0f09432f890037df6f93fd3d6b7a0feff2db16b2",
                "sha256:918db4e34a7ef3d0beee913fa54b34231cc3424676f1c19bdb85f01828d3cd37",
                "sha256:987cdfcfb97a249abc3601ad53c7de5c370529f1981e4c8c46793e4a1e1bfe8e",
                "sha256:9b9118a78e031a2e4709cd2fcc3028432e89b718db70073a8da574c249b5b249",
                "sha256:9cf7036dfa2370ccc8651521fcbb40391974841119e9982fa312b552929e6c85",
                "sha256:a094e9dcafedfb9d333db5cf880304946683f43a6582bb86688f123335122929",
                "sha256:a416ee898ecbc5d8b283223b4cf4d560f93244f6f7615c1bd67359744b00c166",
                "sha256:a5d88fa37ba5e8a80ca8d956b9ea03805cfa460223ac94b7d4854ee5e30f3173",
                "sha256:ace48c5e157c1e58b7de633c5e257285ce85e567ac500c833349c363b3df69d4",
                "sha256:ad5c53f2e8fcae9144009435ebe3d9832003508cf8935c04542a1b3b8deefa15",
                "sha256:ad8d372587e659940568afd009afeb72be939c769c552c9b28773d0337251391",
                "sha256:b193ed199848aa96618cd5959c1582a0bf23cd698b0b900cb0ffe81b02c8659c",
                "sha256:b2e9c2ea2e93223579308263f359eab8837dc340530b860cb59b713651889f14",
                "sha256:b3aa21bad31db904e0b9055e12c8282df62d43169c4a9d2929407060066ebc74",
                "sha256:b565f25171e04d4fad950d1fa837133e3af6ea6f509d96166eed745eb0cf63bc",
                "sha256:b56993a7aeb4140c4770f4f7965c9e5af4f024457d06e23c01b0d47501cb18ed",
                "sha256:b6acb765e7c1f2fa08ac9057a33595e26104d7d67046becae184a8f100932dd9",
                "sha256:b6f366a5ef66a2df4d9e68035cfe9f0eb8473cdfb922c37fac1d169b468607b0",
                "sha256:b7836aa13721dbdef658aebd11f60d00de633a95726521860fe1f6be75fa225a",
                "sha256:b8fca73e16c49dd972ce3a88278dfa5b93bf91ddef332a46e9443abe21ca2f7c",
                "sha256:b953d9d496d19786f4d46e6ba4b386c6e493e81e40f9c5392332458183b0599d",
                "sha256:bbc458a292aee57d572075f22c035fa32969cdb7987d454e3e34d45a40a0a8b4",
                "sha256:c1cecea3e477af105f32ef2119b8d895f297492e41d317e60d474bc4bffd62ff",
                "sha256:c1d7fa44aece1fa02b8927441614c96520253a5cad6a96994e3a81e060feed55",
                "sha256:c1ed17104d1be7f807fdec35ec99777168dd793a09510d753f8710590ba54cdd",
                "sha256:c3c6f6b027d10f84bfe65049028892b5740878edd9eae5fea0d1710b09b1d257",
                "sha256:c5e0fdb5744caf1036dec5510f543164f2144cb64932251f6dfd42fa872b7f9c",
                "sha256:c60f1de066eb5a0fd8ee5974de4194bb1c2e7692941458807162ffbc39887303",
                "sha256:c6d9c6e783b348f719b6118bb3f187b2e138e3112576c9679eb458cc8b2e164b",
                "sha256:c940e00e8d3d10932c929d4b8657c2ea47d2560f31874c3e174c0d3488e8b865",
                "sha256:c9f261ad3cd97257dc1d9355bfbaa7dd703e06574bffa0fa8fe1e31da915ee38",
                "sha256:d21a07edddb3e0ca12a8b8712abc8452481c3d3db19ae87fc94e9842d005964b",
                "sha256:d363660f9ef8c734495598d2f3e527fb41f745c73159dc0d743402f049fb6836",
                "sha256:d478a2ca902b6ef28ffc9521e5f0f728d036abe35c0b250ee8ae78cfe7c5e44e",
                "sha256:d571f0b2eec3513734ea31a16ce0f7840c0b85a98e7edfa0e328ed144f9ef78f",
                "sha256:d6b39a2cc5625bbc4fda18919a891eab9aab934eecf83660a90ce20c53621a9a",
                "sha256:d76d62909bfb14521c3f7cfd5b94c0c75ec94b0a11f647d2f604998962ec7b6c",
                "sha256:dab4178a0bc1ef13178832b12db7bc7f562e8f028b2b5be186e370090dc50652",
                "sha256:db976be51375bca900e008941639448d148c655c9545071965d0571ecc04f5d0",
                "sha256:ded4fc0edf3de792850cb8b04bbf3c5bd725eeaf9df4c27aad510f6eed9c4e19",
                "sha256:e006ea703d5c0f3d112b51ba18af73b58209b954acfe3d8da42eacc9a00e4be6",
                "sha256:e3e5d1802cba785210a4a800e63fcee7a228649a880f3bf7f2aadccb151a834b",
                "sha256:e480d3dac06c89bc2e0fd87524cc38c546ac8b4a38177650745e64acbbcfdeba",
                "sha256:e50af656c15e2723eeb7279c0837e07accc594b95ec18b86821a4d44b51b24bf",
                "sha256:e83ce8008b48762be296f1401f19afd9ea29f3d035d1974e0cecb74e9afbd1df",
                "sha256:ed3b8281c5d0944d939c82db4ec2300409dd69ee087f7a75a94f2e301e855fb4",
                "sha256:ef250a3f5e93182193f5c927c5e9575b2cb14b80d03e258bc0b89cc5de076b60",
                "sha256:f1574566457161678297a116fa5d1556c5a4159d64c5ff7c760e7c564bf66f16",
                "sha256:f26262900edd16272b6360014495e8d68379c6c6e95983f9b7b322dc928a1194",
                "sha256:f28eac18a8733a124444643a66ac96fef2c0ad65f50034e0a043b90333dc677f",
                "sha256:f54840bea73541652f1170dc63402a5b776fc851ad36a842da9e5163c1f504a0",
                "sha256:f785f44a44702dea89b28bce5bc82552490694ce4e144e21a4f0545e364d2150",
                "sha256:f7cc00089b4c21847852c0ad76fb3680f9833b855a0d30bcec94211c435bff6b",
                "sha256:f95bd07f301135771559101c060f558e2cf896c7df00bec050ca7f93bf11585a",
                "sha256:fc8ced733d6cd9af5e412f256a32f7c61cd2d7371280a65c689939ac4572499f",
                "sha256:fd03e38068faeef937cc6761a250a4aaa015564bd0d61481fefcf15586d31825"
            ],
            "markers": "python_version >= '3.10'",
            "version": "==2026.3.32"
        },
        "tqdm": {
            "hashes": [
                "sha256:7d825f03f89244ef73f1d4ce193cb1774a8179fd96f31d7e1dcde62092b960bb",
                "sha256:ee1e4c0e59148062281c49d80b25b67771a127c85fc9676d3be5f243206826bf"
            ],
            "markers": "python_version >= '3.7'",
            "version": "==4.67.3"
        }
    },
    "develop": {}
}
